
Microsoft Visual Studio Solution File, Format Version 12.00
# Visual Studio Version 17
VisualStudioVersion = 17.1.32228.430
MinimumVisualStudioVersion = 10.0.40219.1
Project("{FAE04EC0-301F-11D3-BF4B-00C04F79EFBC}") = "AdminLTE_ThemeAdd", "AdminLTE_ThemeAdd\AdminLTE_ThemeAdd.csproj", "{E97379DC-E518-42C9-98CC-5900A061E7AB}"
EndProject
Project("{FAE04EC0-301F-11D3-BF4B-00C04F79EFBC}") = "TestProject1", "TestProject1\TestProject1.csproj", "{53A4064C-E768-45C3-B2A8-0A3FB031B0E7}"
EndProject
Global
	GlobalSection(SolutionConfigurationPlatforms) = preSolution
		Debug|Any CPU = Debug|Any CPU
		Release|Any CPU = Release|Any CPU
	EndGlobalSection
	GlobalSection(ProjectConfigurationPlatforms) = postSolution
		{E97379DC-E518-42C9-98CC-5900A061E7AB}.Debug|Any CPU.ActiveCfg = Debug|Any CPU
		{E97379DC-E518-42C9-98CC-5900A061E7AB}.Debug|Any CPU.Build.0 = Debug|Any CPU
		{E97379DC-E518-42C9-98CC-5900A061E7AB}.Release|Any CPU.ActiveCfg = Release|Any CPU
		{E97379DC-E518-42C9-98CC-5900A061E7AB}.Release|Any CPU.Build.0 = Release|Any CPU
		{53A4064C-E768-45C3-B2A8-0A3FB031B0E7}.Debug|Any CPU.ActiveCfg = Debug|Any CPU
		{53A4064C-E768-45C3-B2A8-0A3FB031B0E7}.Debug|Any CPU.Build.0 = Debug|Any CPU
		{53A4064C-E768-45C3-B2A8-0A3FB031B0E7}.Release|Any CPU.ActiveCfg = Release|Any CPU
		{53A4064C-E768-45C3-B2A8-0A3FB031B0E7}.Release|Any CPU.Build.0 = Release|Any CPU
	EndGlobalSection
	GlobalSection(SolutionProperties) = preSolution
		HideSolutionNode = FALSE
	EndGlobalSection
	GlobalSection(ExtensibilityGlobals) = postSolution
		SolutionGuid = {6F79C798-0E7B-4298-A2D6-2A8E0C2F53AC}
	EndGlobalSection
EndGlobal
